
Microsoft Visual Studio Solution File, Format Version 12.00
# Visual Studio Version 16
VisualStudioVersion = 16.0.30503.244
MinimumVisualStudioVersion = 10.0.40219.1
Project("{FAE04EC0-301F-11D3-BF4B-00C04F79EFBC}") = "StudyApplicationTwo", "StudyApplicationTwo\StudyApplicationTwo.csproj", "{399FF041-974C-40D2-BB2A-63358A6E587C}"
EndProject
Global
	GlobalSection(SolutionConfigurationPlatforms) = preSolution
		Debug|Any CPU = Debug|Any CPU
		Release|Any CPU = Release|Any CPU
	EndGlobalSection
	GlobalSection(ProjectConfigurationPlatforms) = postSolution
		{399FF041-974C-40D2-BB2A-63358A6E587C}.Debug|Any CPU.ActiveCfg = Debug|Any CPU
		{399FF041-974C-40D2-BB2A-63358A6E587C}.Debug|Any CPU.Build.0 = Debug|Any CPU
		{399FF041-974C-40D2-BB2A-63358A6E587C}.Release|Any CPU.ActiveCfg = Release|Any CPU
		{399FF041-974C-40D2-BB2A-63358A6E587C}.Release|Any CPU.Build.0 = Release|Any CPU
	EndGlobalSection
	GlobalSection(SolutionProperties) = preSolution
		HideSolutionNode = FALSE
	EndGlobalSection
	GlobalSection(ExtensibilityGlobals) = postSolution
		SolutionGuid = {F51DDA17-3737-451F-846A-F0C62C973860}
	EndGlobalSection
EndGlobal
